
Microsoft Visual Studio Solution File, Format Version 12.00
# Visual Studio Version 17
VisualStudioVersion = 17.6.33801.468
MinimumVisualStudioVersion = 10.0.40219.1
Project("{FAE04EC0-301F-11D3-BF4B-00C04F79EFBC}") = "Microsoft.OpenAIRateLimiter.API", "Microsoft.OpenAIRateLimiter.API\Microsoft.OpenAIRateLimiter.API.csproj", "{B6C47021-831F-4CB9-BD9F-0A70AAB1B94A}"
EndProject
Project("{FAE04EC0-301F-11D3-BF4B-00C04F79EFBC}") = "Microsoft.OpenAIRateLimiter.Service", "Microsoft.OpenAIRateLimiter.Service\Microsoft.OpenAIRateLimiter.Service.csproj", "{07347341-4BCF-4D46-B07B-E4E9C1BB8B16}"
EndProject
Global
	GlobalSection(SolutionConfigurationPlatforms) = preSolution
		Debug|Any CPU = Debug|Any CPU
		Release|Any CPU = Release|Any CPU
	EndGlobalSection
	GlobalSection(ProjectConfigurationPlatforms) = postSolution
		{B6C47021-831F-4CB9-BD9F-0A70AAB1B94A}.Debug|Any CPU.ActiveCfg = Debug|Any CPU
		{B6C47021-831F-4CB9-BD9F-0A70AAB1B94A}.Debug|Any CPU.Build.0 = Debug|Any CPU
		{B6C47021-831F-4CB9-BD9F-0A70AAB1B94A}.Release|Any CPU.ActiveCfg = Release|Any CPU
		{B6C47021-831F-4CB9-BD9F-0A70AAB1B94A}.Release|Any CPU.Build.0 = Release|Any CPU
		{07347341-4BCF-4D46-B07B-E4E9C1BB8B16}.Debug|Any CPU.ActiveCfg = Debug|Any CPU
		{07347341-4BCF-4D46-B07B-E4E9C1BB8B16}.Debug|Any CPU.Build.0 = Debug|Any CPU
		{07347341-4BCF-4D46-B07B-E4E9C1BB8B16}.Release|Any CPU.ActiveCfg = Release|Any CPU
		{07347341-4BCF-4D46-B07B-E4E9C1BB8B16}.Release|Any CPU.Build.0 = Release|Any CPU
	EndGlobalSection
	GlobalSection(SolutionProperties) = preSolution
		HideSolutionNode = FALSE
	EndGlobalSection
	GlobalSection(ExtensibilityGlobals) = postSolution
		SolutionGuid = {006E479E-5094-4F57-A290-EFD7BADE1148}
	EndGlobalSection
EndGlobal
